
Microsoft Visual Studio Solution File, Format Version 12.00
# Visual Studio Version 17
VisualStudioVersion = 17.5.33516.290
MinimumVisualStudioVersion = 10.0.40219.1
Project("{FAE04EC0-301F-11D3-BF4B-00C04F79EFBC}") = "PRA_Project", "PRA_Project\PRA_Project.csproj", "{B27AB3CA-62C4-4DB8-A259-FB546CF8D076}"
EndProject
Global
	GlobalSection(SolutionConfigurationPlatforms) = preSolution
		Debug|Any CPU = Debug|Any CPU
		Release|Any CPU = Release|Any CPU
	EndGlobalSection
	GlobalSection(ProjectConfigurationPlatforms) = postSolution
		{B27AB3CA-62C4-4DB8-A259-FB546CF8D076}.Debug|Any CPU.ActiveCfg = Debug|Any CPU
		{B27AB3CA-62C4-4DB8-A259-FB546CF8D076}.Debug|Any CPU.Build.0 = Debug|Any CPU
		{B27AB3CA-62C4-4DB8-A259-FB546CF8D076}.Release|Any CPU.ActiveCfg = Release|Any CPU
		{B27AB3CA-62C4-4DB8-A259-FB546CF8D076}.Release|Any CPU.Build.0 = Release|Any CPU
	EndGlobalSection
	GlobalSection(SolutionProperties) = preSolution
		HideSolutionNode = FALSE
	EndGlobalSection
	GlobalSection(ExtensibilityGlobals) = postSolution
		SolutionGuid = {BEA050B4-D2B4-4BD1-9FE8-C84C0C6073C5}
	EndGlobalSection
EndGlobal
